
Microsoft Visual Studio Solution File, Format Version 12.00
# Visual Studio 14
VisualStudioVersion = 14.0.25420.1
MinimumVisualStudioVersion = 10.0.40219.1
Project("{8BC9CEB8-8B4A-11D0-8D11-00A0C91BC942}") = "nxemu", "Source\nxemu\nxemu.vcxproj", "{DB21FF66-14D1-4469-8DBD-140C0085ADFD}"
	ProjectSection(ProjectDependencies) = postProject
		{CBA22B21-1981-4116-859E-D05B070DCC92} = {CBA22B21-1981-4116-859E-D05B070DCC92}
	EndProjectSection
EndProject
Project("{8BC9CEB8-8B4A-11D0-8D11-00A0C91BC942}") = "nxemu-core", "Source\nxemu-core\nxemu-core.vcxproj", "{18098A2D-F1C3-4325-BEFC-A464FCB97BA1}"
EndProject
Project("{8BC9CEB8-8B4A-11D0-8D11-00A0C91BC942}") = "Common", "Source\Common\Common.vcxproj", "{C9B7522E-5AAE-41D1-8A34-EA61E17D32BB}"
EndProject
Project("{8BC9CEB8-8B4A-11D0-8D11-00A0C91BC942}") = "UpdateVersion", "Source\UpdateVersion\UpdateVersion.vcxproj", "{1968162C-0793-491D-91A1-81645A24D399}"
EndProject
Project("{2150E333-8FDC-42A3-9474-1A3956D46DE8}") = "3rd Party", "3rd Party", "{1E337F45-8342-4343-BFF8-9D23F4E90242}"
EndProject
Project("{8BC9CEB8-8B4A-11D0-8D11-00A0C91BC942}") = "WTL", "Source\3rdParty\WTL\WTL.vcxproj", "{D973899B-E108-4D17-B6F6-D189357E80DE}"
EndProject
Project("{8BC9CEB8-8B4A-11D0-8D11-00A0C91BC942}") = "lz4", "Source\3rdParty\lz4\lz4.vcxproj", "{20F15EB4-E65B-4D48-AA18-C7DAD16279CC}"
EndProject
Project("{8BC9CEB8-8B4A-11D0-8D11-00A0C91BC942}") = "mbedtls", "Source\3rdParty\mbedtls\mbedtls.vcxproj", "{FE18A6E5-6F6B-455B-8139-2DA41E223D87}"
EndProject
Project("{8BC9CEB8-8B4A-11D0-8D11-00A0C91BC942}") = "capstone", "Source\3rdParty\capstone\capstone.vcxproj", "{76B12E78-3FE8-4589-A12F-E79BD65F3476}"
EndProject
Project("{8BC9CEB8-8B4A-11D0-8D11-00A0C91BC942}") = "SoftFloat", "Source\3rdParty\SoftFloat-3e\SoftFloat.vcxproj", "{9D00D803-80D4-4904-A45D-A33605D27CC6}"
EndProject
Project("{8BC9CEB8-8B4A-11D0-8D11-00A0C91BC942}") = "nxemu-video", "Source\nxemu-video\nxemu-video.vcxproj", "{CBA22B21-1981-4116-859E-D05B070DCC92}"
EndProject
Global
	GlobalSection(SolutionConfigurationPlatforms) = preSolution
		Debug|x64 = Debug|x64
		Release|x64 = Release|x64
	EndGlobalSection
	GlobalSection(ProjectConfigurationPlatforms) = postSolution
		{DB21FF66-14D1-4469-8DBD-140C0085ADFD}.Debug|x64.ActiveCfg = Debug|x64
		{DB21FF66-14D1-4469-8DBD-140C0085ADFD}.Debug|x64.Build.0 = Debug|x64
		{DB21FF66-14D1-4469-8DBD-140C0085ADFD}.Release|x64.ActiveCfg = Release|x64
		{DB21FF66-14D1-4469-8DBD-140C0085ADFD}.Release|x64.Build.0 = Release|x64
		{18098A2D-F1C3-4325-BEFC-A464FCB97BA1}.Debug|x64.ActiveCfg = Debug|x64
		{18098A2D-F1C3-4325-BEFC-A464FCB97BA1}.Debug|x64.Build.0 = Debug|x64
		{18098A2D-F1C3-4325-BEFC-A464FCB97BA1}.Release|x64.ActiveCfg = Release|x64
		{18098A2D-F1C3-4325-BEFC-A464FCB97BA1}.Release|x64.Build.0 = Release|x64
		{C9B7522E-5AAE-41D1-8A34-EA61E17D32BB}.Debug|x64.ActiveCfg = Debug|x64
		{C9B7522E-5AAE-41D1-8A34-EA61E17D32BB}.Debug|x64.Build.0 = Debug|x64
		{C9B7522E-5AAE-41D1-8A34-EA61E17D32BB}.Release|x64.ActiveCfg = Release|x64
		{C9B7522E-5AAE-41D1-8A34-EA61E17D32BB}.Release|x64.Build.0 = Release|x64
		{1968162C-0793-491D-91A1-81645A24D399}.Debug|x64.ActiveCfg = Debug|x64
		{1968162C-0793-491D-91A1-81645A24D399}.Debug|x64.Build.0 = Debug|x64
		{1968162C-0793-491D-91A1-81645A24D399}.Release|x64.ActiveCfg = Release|x64
		{1968162C-0793-491D-91A1-81645A24D399}.Release|x64.Build.0 = Release|x64
		{D973899B-E108-4D17-B6F6-D189357E80DE}.Debug|x64.ActiveCfg = Debug|x64
		{D973899B-E108-4D17-B6F6-D189357E80DE}.Debug|x64.Build.0 = Debug|x64
		{D973899B-E108-4D17-B6F6-D189357E80DE}.Release|x64.ActiveCfg = Release|x64
		{D973899B-E108-4D17-B6F6-D189357E80DE}.Release|x64.Build.0 = Release|x64
		{20F15EB4-E65B-4D48-AA18-C7DAD16279CC}.Debug|x64.ActiveCfg = Debug|x64
		{20F15EB4-E65B-4D48-AA18-C7DAD16279CC}.Debug|x64.Build.0 = Debug|x64
		{20F15EB4-E65B-4D48-AA18-C7DAD16279CC}.Release|x64.ActiveCfg = Release|x64
		{20F15EB4-E65B-4D48-AA18-C7DAD16279CC}.Release|x64.Build.0 = Release|x64
		{FE18A6E5-6F6B-455B-8139-2DA41E223D87}.Debug|x64.ActiveCfg = Debug|x64
		{FE18A6E5-6F6B-455B-8139-2DA41E223D87}.Debug|x64.Build.0 = Debug|x64
		{FE18A6E5-6F6B-455B-8139-2DA41E223D87}.Release|x64.ActiveCfg = Release|x64
		{FE18A6E5-6F6B-455B-8139-2DA41E223D87}.Release|x64.Build.0 = Release|x64
		{76B12E78-3FE8-4589-A12F-E79BD65F3476}.Debug|x64.ActiveCfg = Debug|x64
		{76B12E78-3FE8-4589-A12F-E79BD65F3476}.Debug|x64.Build.0 = Debug|x64
		{76B12E78-3FE8-4589-A12F-E79BD65F3476}.Release|x64.ActiveCfg = Release|x64
		{76B12E78-3FE8-4589-A12F-E79BD65F3476}.Release|x64.Build.0 = Release|x64
		{9D00D803-80D4-4904-A45D-A33605D27CC6}.Debug|x64.ActiveCfg = Debug|x64
		{9D00D803-80D4-4904-A45D-A33605D27CC6}.Debug|x64.Build.0 = Debug|x64
		{9D00D803-80D4-4904-A45D-A33605D27CC6}.Release|x64.ActiveCfg = Release|x64
		{9D00D803-80D4-4904-A45D-A33605D27CC6}.Release|x64.Build.0 = Release|x64
		{CBA22B21-1981-4116-859E-D05B070DCC92}.Debug|x64.ActiveCfg = Debug|x64
		{CBA22B21-1981-4116-859E-D05B070DCC92}.Debug|x64.Build.0 = Debug|x64
		{CBA22B21-1981-4116-859E-D05B070DCC92}.Release|x64.ActiveCfg = Release|x64
		{CBA22B21-1981-4116-859E-D05B070DCC92}.Release|x64.Build.0 = Release|x64
	EndGlobalSection
	GlobalSection(SolutionProperties) = preSolution
		HideSolutionNode = FALSE
	EndGlobalSection
	GlobalSection(NestedProjects) = preSolution
		{D973899B-E108-4D17-B6F6-D189357E80DE} = {1E337F45-8342-4343-BFF8-9D23F4E90242}
		{20F15EB4-E65B-4D48-AA18-C7DAD16279CC} = {1E337F45-8342-4343-BFF8-9D23F4E90242}
		{FE18A6E5-6F6B-455B-8139-2DA41E223D87} = {1E337F45-8342-4343-BFF8-9D23F4E90242}
		{76B12E78-3FE8-4589-A12F-E79BD65F3476} = {1E337F45-8342-4343-BFF8-9D23F4E90242}
		{9D00D803-80D4-4904-A45D-A33605D27CC6} = {1E337F45-8342-4343-BFF8-9D23F4E90242}
	EndGlobalSection
EndGlobal
