<?xml version="1.0" encoding="utf-8"?>
<Project ToolsVersion="4.0" xmlns="http://schemas.microsoft.com/developer/msbuild/2003">
  <ItemGroup>
    <Filter Include="Source Files">
      <UniqueIdentifier>{4FC737F1-C7A5-4376-A066-2A32D752A2FF}</UniqueIdentifier>
      <Extensions>cpp;c;cc;cxx;def;odl;idl;hpj;bat;asm;asmx</Extensions>
    </Filter>
    <Filter Include="Header Files">
      <UniqueIdentifier>{93995380-89BD-4b04-88EB-625FBE52EBFB}</UniqueIdentifier>
      <Extensions>h;hh;hpp;hxx;hm;inl;inc;xsd</Extensions>
    </Filter>
    <Filter Include="Header Files\Settings">
      <UniqueIdentifier>{2398d593-4fe0-4c06-9747-96bad5e16c6a}</UniqueIdentifier>
    </Filter>
    <Filter Include="Header Files\Settings\SettingType">
      <UniqueIdentifier>{d937c11b-3558-408c-bfce-80ef74abad86}</UniqueIdentifier>
    </Filter>
    <Filter Include="Source Files\Settings">
      <UniqueIdentifier>{aa1602de-2518-4e67-b49b-876eb2cfeb0e}</UniqueIdentifier>
    </Filter>
    <Filter Include="Source Files\Settings\SettingType">
      <UniqueIdentifier>{ea433908-248d-42bd-be8c-c0c72f21c8a4}</UniqueIdentifier>
    </Filter>
    <Filter Include="Header Files\Language">
      <UniqueIdentifier>{ee6b69ee-01f0-4c0c-8622-aad5075d39db}</UniqueIdentifier>
    </Filter>
    <Filter Include="Source Files\Language">
      <UniqueIdentifier>{87a3cb0b-94b8-43e0-8895-80950233b2f9}</UniqueIdentifier>
    </Filter>
    <Filter Include="Source Files\Machine">
      <UniqueIdentifier>{95e00816-1d33-4b20-b285-781703694838}</UniqueIdentifier>
    </Filter>
    <Filter Include="Header Files\Machine">
      <UniqueIdentifier>{75895140-141e-4a08-8431-71c1390bcf35}</UniqueIdentifier>
    </Filter>
    <Filter Include="Header Files\hle">
      <UniqueIdentifier>{0cc5dcb6-76a3-459e-bf25-79ecfd0da650}</UniqueIdentifier>
    </Filter>
    <Filter Include="Source Files\hle">
      <UniqueIdentifier>{fdac1380-5349-4909-8343-36830714e6d7}</UniqueIdentifier>
    </Filter>
    <Filter Include="Header Files\Machine\CPU">
      <UniqueIdentifier>{cec7a91a-8bf2-40da-b646-02d2ccf9b4ec}</UniqueIdentifier>
    </Filter>
    <Filter Include="Header Files\FileFormat">
      <UniqueIdentifier>{d996f889-be39-47f2-b9fc-70900f3bcea7}</UniqueIdentifier>
    </Filter>
    <Filter Include="Source Files\FileFormat">
      <UniqueIdentifier>{71927cf8-11d1-4a84-a64c-d43f6cfa3470}</UniqueIdentifier>
    </Filter>
    <Filter Include="Source Files\FileSystem">
      <UniqueIdentifier>{6b36500a-fd4d-4e57-850c-a8c20c2764d5}</UniqueIdentifier>
    </Filter>
    <Filter Include="Header Files\FileSystem">
      <UniqueIdentifier>{68c37e4c-fb9c-4498-8e00-a61757978cbb}</UniqueIdentifier>
    </Filter>
    <Filter Include="Header Files\Util">
      <UniqueIdentifier>{c3ae7f3d-9803-4a84-a804-9db321562297}</UniqueIdentifier>
    </Filter>
    <Filter Include="Source Files\Util">
      <UniqueIdentifier>{a7fbfff3-9102-40f4-80c5-c01a051f11a8}</UniqueIdentifier>
    </Filter>
    <Filter Include="Header Files\Machine\Interpreter">
      <UniqueIdentifier>{f3f891da-2725-4159-b013-165570239fd6}</UniqueIdentifier>
    </Filter>
    <Filter Include="Source Files\Machine\Interpreter">
      <UniqueIdentifier>{e8e2d918-14bd-482f-a696-e964f2ce637b}</UniqueIdentifier>
    </Filter>
    <Filter Include="Source Files\hle\Kernel">
      <UniqueIdentifier>{7205a9e6-ef60-4a7a-ae54-a04568474996}</UniqueIdentifier>
    </Filter>
    <Filter Include="Header Files\hle\Kernel">
      <UniqueIdentifier>{f9ad8ee1-997e-4318-ba34-d192e54ffa12}</UniqueIdentifier>
    </Filter>
    <Filter Include="Header Files\hle\Memory">
      <UniqueIdentifier>{aa78bd83-2a0e-4ad2-92fb-2466706c580a}</UniqueIdentifier>
    </Filter>
    <Filter Include="Source Files\hle\Memory">
      <UniqueIdentifier>{b3982a6d-a4bd-45f8-8ae6-4d2e195db91d}</UniqueIdentifier>
    </Filter>
    <Filter Include="Header Files\hle\Services">
      <UniqueIdentifier>{4948607b-ae4c-4be1-8754-7a533a1a72b8}</UniqueIdentifier>
    </Filter>
    <Filter Include="Source Files\hle\Services">
      <UniqueIdentifier>{0f047a7a-8df7-4269-843b-89a44a7d3133}</UniqueIdentifier>
    </Filter>
    <Filter Include="Header Files\hle\Services\lm">
      <UniqueIdentifier>{094ad1be-f864-4471-aaab-c3d8b9c346c4}</UniqueIdentifier>
    </Filter>
    <Filter Include="Source Files\hle\Services\lm">
      <UniqueIdentifier>{0178f754-79f7-4c2c-b3f2-76ba6809a044}</UniqueIdentifier>
    </Filter>
    <Filter Include="Header Files\hle\Services\apm">
      <UniqueIdentifier>{df946372-8792-4394-ae31-20088a52cb97}</UniqueIdentifier>
    </Filter>
    <Filter Include="Source Files\hle\Services\apm">
      <UniqueIdentifier>{4bfff7f6-2bd9-407a-bdc9-f53dfaab7678}</UniqueIdentifier>
    </Filter>
    <Filter Include="Header Files\hle\Services\am">
      <UniqueIdentifier>{59f5a9b4-f50d-436c-94bd-60662472ef4e}</UniqueIdentifier>
    </Filter>
    <Filter Include="Source Files\hle\Services\am">
      <UniqueIdentifier>{221b9740-adea-43cf-a34e-49a03ca53144}</UniqueIdentifier>
    </Filter>
    <Filter Include="Source Files\hle\Services\ns">
      <UniqueIdentifier>{9092e855-665e-4cc3-9d02-3c77c17c8fa1}</UniqueIdentifier>
    </Filter>
    <Filter Include="Header Files\hle\Services\ns">
      <UniqueIdentifier>{ba1de1b4-307e-4804-8ad5-7247feaf1a90}</UniqueIdentifier>
    </Filter>
    <Filter Include="Source Files\hle\Services\pctl">
      <UniqueIdentifier>{20246316-2c1b-4fe2-939e-9f88dafb3d5c}</UniqueIdentifier>
    </Filter>
    <Filter Include="Header Files\hle\Services\pctl">
      <UniqueIdentifier>{7dadde15-72df-4198-ab85-584143810a94}</UniqueIdentifier>
    </Filter>
    <Filter Include="Header Files\hle\Services\FspSrv">
      <UniqueIdentifier>{1bee5a3e-ed9b-4305-a7e3-2687e4421e0e}</UniqueIdentifier>
    </Filter>
    <Filter Include="Source Files\hle\Services\FspSrv">
      <UniqueIdentifier>{337f31af-ca7a-4c4a-9c30-e4fd1cbcf4fd}</UniqueIdentifier>
    </Filter>
    <Filter Include="Source Files\hle\Services\acc">
      <UniqueIdentifier>{aa35625b-d4cc-4fad-800a-0278d5853768}</UniqueIdentifier>
    </Filter>
    <Filter Include="Header Files\hle\Services\acc">
      <UniqueIdentifier>{d93107a1-9ee0-4046-b00e-785a36fb2270}</UniqueIdentifier>
    </Filter>
    <Filter Include="Header Files\hle\Services\ssl">
      <UniqueIdentifier>{fb2d5fef-3c98-4575-9afc-53ca061ddf91}</UniqueIdentifier>
    </Filter>
    <Filter Include="Source Files\hle\Services\ssl">
      <UniqueIdentifier>{f276f23c-01f5-44ec-9e09-908305e9c25a}</UniqueIdentifier>
    </Filter>
    <Filter Include="Header Files\hle\Services\set">
      <UniqueIdentifier>{976b01a7-7d4e-4afa-9924-3290fc418282}</UniqueIdentifier>
    </Filter>
    <Filter Include="Source Files\hle\Services\set">
      <UniqueIdentifier>{2ac101f3-8879-4bbf-98b0-c3ac3b5541db}</UniqueIdentifier>
    </Filter>
    <Filter Include="Header Files\hle\Services\nv">
      <UniqueIdentifier>{037b76de-18b1-4911-a8a2-e6a2c9014b2a}</UniqueIdentifier>
    </Filter>
    <Filter Include="Source Files\hle\Services\nv">
      <UniqueIdentifier>{a7eea552-7f7e-48d6-9b41-30b76a6c9568}</UniqueIdentifier>
    </Filter>
    <Filter Include="Header Files\hle\Services\vi">
      <UniqueIdentifier>{b3006d9b-3209-48fc-8713-eb6ab00ab115}</UniqueIdentifier>
    </Filter>
    <Filter Include="Source Files\hle\Services\vi">
      <UniqueIdentifier>{85dc6853-71e5-4a5e-8bab-9cbe3668e989}</UniqueIdentifier>
    </Filter>
    <Filter Include="Header Files\hle\Display">
      <UniqueIdentifier>{d1425de4-cfae-4b09-8fe4-b51ff2f474db}</UniqueIdentifier>
    </Filter>
    <Filter Include="Header Files\hle\Display\Nvidia">
      <UniqueIdentifier>{ebd2f491-ac3b-46d2-a342-0e0c43d660a5}</UniqueIdentifier>
    </Filter>
    <Filter Include="Source Files\hle\Display">
      <UniqueIdentifier>{ed7c63d3-dc1f-4ff6-82ae-c79be03125c9}</UniqueIdentifier>
    </Filter>
    <Filter Include="Source Files\hle\Display\Nvidia">
      <UniqueIdentifier>{395ac624-2b0e-4bb8-90de-71e8ef4a9db4}</UniqueIdentifier>
    </Filter>
  </ItemGroup>
  <ItemGroup>
    <ClInclude Include="Version.h">
      <Filter>Header Files</Filter>
    </ClInclude>
    <ClInclude Include="AppInit.h">
      <Filter>Header Files</Filter>
    </ClInclude>
    <ClInclude Include="SystemGlobals.h">
      <Filter>Header Files</Filter>
    </ClInclude>
    <ClInclude Include="TraceModules.h">
      <Filter>Header Files</Filter>
    </ClInclude>
    <ClInclude Include="Trace.h">
      <Filter>Header Files</Filter>
    </ClInclude>
    <ClInclude Include="Notification.h">
      <Filter>Header Files</Filter>
    </ClInclude>
    <ClInclude Include="Settings\SettingsID.h">
      <Filter>Header Files\Settings</Filter>
    </ClInclude>
    <ClInclude Include="Settings\SettingType\SettingsType-Base.h">
      <Filter>Header Files\Settings\SettingType</Filter>
    </ClInclude>
    <ClInclude Include="Settings\SettingType\SettingsType-TempString.h">
      <Filter>Header Files\Settings\SettingType</Filter>
    </ClInclude>
    <ClInclude Include="Language\Language.h">
      <Filter>Header Files\Language</Filter>
    </ClInclude>
    <ClInclude Include="Language\LanguageStringID.h">
      <Filter>Header Files\Language</Filter>
    </ClInclude>
    <ClInclude Include="Settings\SettingType\SettingsType-Application.h">
      <Filter>Header Files\Settings\SettingType</Filter>
    </ClInclude>
    <ClInclude Include="Settings\SettingType\SettingsType-ApplicationIndex.h">
      <Filter>Header Files\Settings\SettingType</Filter>
    </ClInclude>
    <ClInclude Include="Settings\SettingType\SettingsType-ApplicationPath.h">
      <Filter>Header Files\Settings\SettingType</Filter>
    </ClInclude>
    <ClInclude Include="Settings\SettingType\SettingsType-RelativePath.h">
      <Filter>Header Files\Settings\SettingType</Filter>
    </ClInclude>
    <ClInclude Include="Machine\SwitchRom.h">
      <Filter>Header Files\Machine</Filter>
    </ClInclude>
    <ClInclude Include="Machine\SwitchSystem.h">
      <Filter>Header Files\Machine</Filter>
    </ClInclude>
    <ClInclude Include="Machine\PageTable.h">
      <Filter>Header Files\Machine</Filter>
    </ClInclude>
    <ClInclude Include="Machine\Registers.h">
      <Filter>Header Files\Machine</Filter>
    </ClInclude>
    <ClInclude Include="Machine\Arm64Opcode.h">
      <Filter>Header Files\Machine</Filter>
    </ClInclude>
    <ClInclude Include="FileFormat\formats.h">
      <Filter>Header Files\FileFormat</Filter>
    </ClInclude>
    <ClInclude Include="FileFormat\xci.h">
      <Filter>Header Files\FileFormat</Filter>
    </ClInclude>
    <ClInclude Include="Machine\SwitchKeys.h">
      <Filter>Header Files\Machine</Filter>
    </ClInclude>
    <ClInclude Include="Settings\SettingType\SettingsType-SelectedDirectory.h">
      <Filter>Header Files\Settings\SettingType</Filter>
    </ClInclude>
    <ClInclude Include="FileSystem\PartitionFilesystem.h">
      <Filter>Header Files\FileSystem</Filter>
    </ClInclude>
    <ClInclude Include="FileSystem\EncryptedFile.h">
      <Filter>Header Files\FileSystem</Filter>
    </ClInclude>
    <ClInclude Include="Util\AESCipher.h">
      <Filter>Header Files\Util</Filter>
    </ClInclude>
    <ClInclude Include="FileFormat\nsp.h">
      <Filter>Header Files\FileFormat</Filter>
    </ClInclude>
    <ClInclude Include="FileFormat\nca.h">
      <Filter>Header Files\FileFormat</Filter>
    </ClInclude>
    <ClInclude Include="FileFormat\cnmt.h">
      <Filter>Header Files\FileFormat</Filter>
    </ClInclude>
    <ClInclude Include="FileFormat\ProgramMetadata.h">
      <Filter>Header Files\FileFormat</Filter>
    </ClInclude>
    <ClInclude Include="FileFormat\nacp.h">
      <Filter>Header Files\FileFormat</Filter>
    </ClInclude>
    <ClInclude Include="FileFormat\romfs.h">
      <Filter>Header Files\FileFormat</Filter>
    </ClInclude>
    <ClInclude Include="Settings\Debug.h">
      <Filter>Header Files\Settings</Filter>
    </ClInclude>
    <ClInclude Include="Settings\Settings.h">
      <Filter>Header Files\Settings</Filter>
    </ClInclude>
    <ClInclude Include="Machine\CPU\MemoryManagement.h">
      <Filter>Header Files\Machine\CPU</Filter>
    </ClInclude>
    <ClInclude Include="Settings\SettingType\SettingsType-TempBool.h">
      <Filter>Header Files\Settings\SettingType</Filter>
    </ClInclude>
    <ClInclude Include="Machine\Interpreter\ArmInterpreterOps64.h">
      <Filter>Header Files\Machine\Interpreter</Filter>
    </ClInclude>
    <ClInclude Include="hle\Kernel\SystemThread.h">
      <Filter>Header Files\hle\Kernel</Filter>
    </ClInclude>
    <ClInclude Include="hle\Memory\MemoryTypes.h">
      <Filter>Header Files\hle\Memory</Filter>
    </ClInclude>
    <ClInclude Include="hle\Kernel\ResultCode.h">
      <Filter>Header Files\hle\Kernel</Filter>
    </ClInclude>
    <ClInclude Include="hle\Memory\ProcessMemory.h">
      <Filter>Header Files\hle\Memory</Filter>
    </ClInclude>
    <ClInclude Include="hle\Memory\SystemThreadMemory.h">
      <Filter>Header Files\hle\Memory</Filter>
    </ClInclude>
    <ClInclude Include="hle\Kernel\HleKernel.h">
      <Filter>Header Files\hle\Kernel</Filter>
    </ClInclude>
    <ClInclude Include="hle\Kernel\KernelObject.h">
      <Filter>Header Files\hle\Kernel</Filter>
    </ClInclude>
    <ClInclude Include="hle\Services\NamedPort.h">
      <Filter>Header Files\hle\Services</Filter>
    </ClInclude>
    <ClInclude Include="hle\Services\IpcRequest.h">
      <Filter>Header Files\hle\Services</Filter>
    </ClInclude>
    <ClInclude Include="hle\Kernel\Service.h">
      <Filter>Header Files\hle\Kernel</Filter>
    </ClInclude>
    <ClInclude Include="hle\Services\ServiceManager.h">
      <Filter>Header Files\hle\Services</Filter>
    </ClInclude>
    <ClInclude Include="hle\Services\lm\lm.h">
      <Filter>Header Files\hle\Services\lm</Filter>
    </ClInclude>
    <ClInclude Include="hle\Services\lm\logger.h">
      <Filter>Header Files\hle\Services\lm</Filter>
    </ClInclude>
    <ClInclude Include="hle\Services\apm\apm.h">
      <Filter>Header Files\hle\Services\apm</Filter>
    </ClInclude>
    <ClInclude Include="hle\Services\am\appletOE.h">
      <Filter>Header Files\hle\Services\am</Filter>
    </ClInclude>
    <ClInclude Include="hle\Services\am\IApplicationProxy.h">
      <Filter>Header Files\hle\Services\am</Filter>
    </ClInclude>
    <ClInclude Include="hle\Services\am\IApplicationFunctions.h">
      <Filter>Header Files\hle\Services\am</Filter>
    </ClInclude>
    <ClInclude Include="hle\Services\am\ILibraryAppletCreator.h">
      <Filter>Header Files\hle\Services\am</Filter>
    </ClInclude>
    <ClInclude Include="hle\Services\am\ICommonStateGetter.h">
      <Filter>Header Files\hle\Services\am</Filter>
    </ClInclude>
    <ClInclude Include="hle\Services\am\ISelfController.h">
      <Filter>Header Files\hle\Services\am</Filter>
    </ClInclude>
    <ClInclude Include="hle\Services\am\IWindowController.h">
      <Filter>Header Files\hle\Services\am</Filter>
    </ClInclude>
    <ClInclude Include="hle\Services\am\IAudioController.h">
      <Filter>Header Files\hle\Services\am</Filter>
    </ClInclude>
    <ClInclude Include="hle\Services\am\IDisplayController.h">
      <Filter>Header Files\hle\Services\am</Filter>
    </ClInclude>
    <ClInclude Include="hle\Services\am\IDebugFunctions.h">
      <Filter>Header Files\hle\Services\am</Filter>
    </ClInclude>
    <ClInclude Include="hle\Kernel\KEvent.h">
      <Filter>Header Files\hle\Kernel</Filter>
    </ClInclude>
    <ClInclude Include="hle\Services\ns\IAddOnContentManager.h">
      <Filter>Header Files\hle\Services\ns</Filter>
    </ClInclude>
    <ClInclude Include="hle\Services\pctl\IParentalControlServiceFactory.h">
      <Filter>Header Files\hle\Services\pctl</Filter>
    </ClInclude>
    <ClInclude Include="hle\Services\pctl\IParentalControlService.h">
      <Filter>Header Files\hle\Services\pctl</Filter>
    </ClInclude>
    <ClInclude Include="hle\Services\FspSrv\IFileSystemProxy.h">
      <Filter>Header Files\hle\Services\FspSrv</Filter>
    </ClInclude>
    <ClInclude Include="hle\Services\FspSrv\IStorage.h">
      <Filter>Header Files\hle\Services\FspSrv</Filter>
    </ClInclude>
    <ClInclude Include="hle\Services\acc\acc_u0.h">
      <Filter>Header Files\hle\Services\acc</Filter>
    </ClInclude>
    <ClInclude Include="hle\Services\am\IAMStorage.h">
      <Filter>Header Files\hle\Services\am</Filter>
    </ClInclude>
    <ClInclude Include="hle\Services\am\IStorageAccessor.h">
      <Filter>Header Files\hle\Services\am</Filter>
    </ClInclude>
    <ClInclude Include="Machine\Interpreter\InterpreterCPU.h">
      <Filter>Header Files\Machine\Interpreter</Filter>
    </ClInclude>
    <ClInclude Include="hle\Services\acc\IManagerForApplication.h">
      <Filter>Header Files\hle\Services\acc</Filter>
    </ClInclude>
    <ClInclude Include="hle\Services\FspSrv\IFileSystem.h">
      <Filter>Header Files\hle\Services\FspSrv</Filter>
    </ClInclude>
    <ClInclude Include="Machine\CPU\CPUExecutor.h">
      <Filter>Header Files\Machine\CPU</Filter>
    </ClInclude>
    <ClInclude Include="Machine\SystemTiming.h">
      <Filter>Header Files\Machine</Filter>
    </ClInclude>
    <ClInclude Include="hle\Kernel\Mutex.h">
      <Filter>Header Files\hle\Kernel</Filter>
    </ClInclude>
    <ClInclude Include="hle\Services\ssl\SSLservices.h">
      <Filter>Header Files\hle\Services\ssl</Filter>
    </ClInclude>
    <ClInclude Include="hle\Services\set\set.h">
      <Filter>Header Files\hle\Services\set</Filter>
    </ClInclude>
    <ClInclude Include="hle\Memory\TransferMemory.h">
      <Filter>Header Files\hle\Memory</Filter>
    </ClInclude>
    <ClInclude Include="hle\Services\nv\INvDrvServices.h">
      <Filter>Header Files\hle\Services\nv</Filter>
    </ClInclude>
    <ClInclude Include="hle\Services\vi\IManagerRootService.h">
      <Filter>Header Files\hle\Services\vi</Filter>
    </ClInclude>
    <ClInclude Include="hle\Services\vi\IApplicationRootService.h">
      <Filter>Header Files\hle\Services\vi</Filter>
    </ClInclude>
    <ClInclude Include="hle\Services\vi\ISystemRootService.h">
      <Filter>Header Files\hle\Services\vi</Filter>
    </ClInclude>
    <ClInclude Include="hle\Services\vi\IApplicationDisplayService.h">
      <Filter>Header Files\hle\Services\vi</Filter>
    </ClInclude>
    <ClInclude Include="hle\Services\vi\IManagerDisplayService.h">
      <Filter>Header Files\hle\Services\vi</Filter>
    </ClInclude>
    <ClInclude Include="hle\Services\vi\ISystemDisplayService.h">
      <Filter>Header Files\hle\Services\vi</Filter>
    </ClInclude>
    <ClInclude Include="hle\Services\vi\IHOSBinderDriver.h">
      <Filter>Header Files\hle\Services\vi</Filter>
    </ClInclude>
    <ClInclude Include="hle\Display\Display.h">
      <Filter>Header Files\hle\Display</Filter>
    </ClInclude>
    <ClInclude Include="hle\Display\Nvidia\nvResult.h">
      <Filter>Header Files\hle\Display\Nvidia</Filter>
    </ClInclude>
    <ClInclude Include="hle\Display\DisplayDevice.h">
      <Filter>Header Files\hle\Display</Filter>
    </ClInclude>
    <ClInclude Include="hle\Display\Nvidia\BufferQueue.h">
      <Filter>Header Files\hle\Display\Nvidia</Filter>
    </ClInclude>
  </ItemGroup>
  <ItemGroup>
    <ClCompile Include="AppInit.cpp">
      <Filter>Source Files</Filter>
    </ClCompile>
    <ClCompile Include="SystemGlobals.cpp">
      <Filter>Source Files</Filter>
    </ClCompile>
    <ClCompile Include="Settings\SettingType\SettingsType-TempString.cpp">
      <Filter>Source Files\Settings\SettingType</Filter>
    </ClCompile>
    <ClCompile Include="Language\Language.cpp">
      <Filter>Source Files\Language</Filter>
    </ClCompile>
    <ClCompile Include="Settings\SettingType\SettingsType-Application.cpp">
      <Filter>Source Files\Settings\SettingType</Filter>
    </ClCompile>
    <ClCompile Include="Settings\SettingType\SettingsType-ApplicationIndex.cpp">
      <Filter>Source Files\Settings\SettingType</Filter>
    </ClCompile>
    <ClCompile Include="Settings\SettingType\SettingsType-ApplicationPath.cpp">
      <Filter>Source Files\Settings\SettingType</Filter>
    </ClCompile>
    <ClCompile Include="Settings\SettingType\SettingsType-RelativePath.cpp">
      <Filter>Source Files\Settings\SettingType</Filter>
    </ClCompile>
    <ClCompile Include="Machine\SwitchRom.cpp">
      <Filter>Source Files\Machine</Filter>
    </ClCompile>
    <ClCompile Include="Machine\nso.cpp">
      <Filter>Source Files\Machine</Filter>
    </ClCompile>
    <ClCompile Include="Machine\SwitchSystem.cpp">
      <Filter>Source Files\Machine</Filter>
    </ClCompile>
    <ClCompile Include="Machine\PageTable.cpp">
      <Filter>Source Files\Machine</Filter>
    </ClCompile>
    <ClCompile Include="Machine\Registers.cpp">
      <Filter>Source Files\Machine</Filter>
    </ClCompile>
    <ClCompile Include="FileFormat\formats.cpp">
      <Filter>Source Files\FileFormat</Filter>
    </ClCompile>
    <ClCompile Include="FileFormat\xci.cpp">
      <Filter>Source Files\FileFormat</Filter>
    </ClCompile>
    <ClCompile Include="Machine\SwitchKeys.cpp">
      <Filter>Source Files\Machine</Filter>
    </ClCompile>
    <ClCompile Include="LaunchRunFile.cpp">
      <Filter>Source Files</Filter>
    </ClCompile>
    <ClCompile Include="Settings\SettingType\SettingsType-SelectedDirectory.cpp">
      <Filter>Source Files\Settings\SettingType</Filter>
    </ClCompile>
    <ClCompile Include="FileSystem\PartitionFilesystem.cpp">
      <Filter>Source Files\FileSystem</Filter>
    </ClCompile>
    <ClCompile Include="FileSystem\EncryptedFile.cpp">
      <Filter>Source Files\FileSystem</Filter>
    </ClCompile>
    <ClCompile Include="Util\AESCipher.cpp">
      <Filter>Source Files\Util</Filter>
    </ClCompile>
    <ClCompile Include="FileFormat\nsp.cpp">
      <Filter>Source Files\FileFormat</Filter>
    </ClCompile>
    <ClCompile Include="FileFormat\nca.cpp">
      <Filter>Source Files\FileFormat</Filter>
    </ClCompile>
    <ClCompile Include="FileFormat\cnmt.cpp">
      <Filter>Source Files\FileFormat</Filter>
    </ClCompile>
    <ClCompile Include="FileFormat\ProgramMetadata.cpp">
      <Filter>Source Files\FileFormat</Filter>
    </ClCompile>
    <ClCompile Include="FileFormat\nacp.cpp">
      <Filter>Source Files\FileFormat</Filter>
    </ClCompile>
    <ClCompile Include="FileFormat\romfs.cpp">
      <Filter>Source Files\FileFormat</Filter>
    </ClCompile>
    <ClCompile Include="Settings\Debug.cpp">
      <Filter>Source Files\Settings</Filter>
    </ClCompile>
    <ClCompile Include="Settings\Settings.cpp">
      <Filter>Source Files\Settings</Filter>
    </ClCompile>
    <ClCompile Include="Machine\Arm64Opcode.cpp">
      <Filter>Source Files\Machine</Filter>
    </ClCompile>
    <ClCompile Include="Settings\SettingType\SettingsType-TempBool.cpp">
      <Filter>Source Files\Settings\SettingType</Filter>
    </ClCompile>
    <ClCompile Include="Machine\Interpreter\ArmInterpreterOps64.cpp">
      <Filter>Source Files\Machine\Interpreter</Filter>
    </ClCompile>
    <ClCompile Include="hle\Kernel\SystemThread.cpp">
      <Filter>Source Files\hle\Kernel</Filter>
    </ClCompile>
    <ClCompile Include="hle\Kernel\ResultCode.cpp">
      <Filter>Source Files\hle\Kernel</Filter>
    </ClCompile>
    <ClCompile Include="hle\Memory\ProcessMemory.cpp">
      <Filter>Source Files\hle\Memory</Filter>
    </ClCompile>
    <ClCompile Include="hle\Memory\SystemThreadMemory.cpp">
      <Filter>Source Files\hle\Memory</Filter>
    </ClCompile>
    <ClCompile Include="hle\Memory\MemoryTypes.cpp">
      <Filter>Source Files\hle\Memory</Filter>
    </ClCompile>
    <ClCompile Include="hle\Memory\MemoryRegion.cpp">
      <Filter>Source Files\hle\Memory</Filter>
    </ClCompile>
    <ClCompile Include="hle\Kernel\HleKernel.cpp">
      <Filter>Source Files\hle\Kernel</Filter>
    </ClCompile>
    <ClCompile Include="hle\Kernel\KernelObject.cpp">
      <Filter>Source Files\hle\Kernel</Filter>
    </ClCompile>
    <ClCompile Include="hle\Kernel\Service.cpp">
      <Filter>Source Files\hle\Kernel</Filter>
    </ClCompile>
    <ClCompile Include="hle\Services\ServiceManager.cpp">
      <Filter>Source Files\hle\Services</Filter>
    </ClCompile>
    <ClCompile Include="hle\Services\IpcRequest.cpp">
      <Filter>Source Files\hle\Services</Filter>
    </ClCompile>
    <ClCompile Include="hle\Services\lm\lm.cpp">
      <Filter>Source Files\hle\Services\lm</Filter>
    </ClCompile>
    <ClCompile Include="hle\Services\lm\Logger.cpp">
      <Filter>Source Files\hle\Services\lm</Filter>
    </ClCompile>
    <ClCompile Include="hle\Services\apm\apm.cpp">
      <Filter>Source Files\hle\Services\apm</Filter>
    </ClCompile>
    <ClCompile Include="hle\Services\am\appletOE.cpp">
      <Filter>Source Files\hle\Services\am</Filter>
    </ClCompile>
    <ClCompile Include="hle\Services\am\IApplicationProxy.cpp">
      <Filter>Source Files\hle\Services\am</Filter>
    </ClCompile>
    <ClCompile Include="hle\Services\am\IApplicationFunctions.cpp">
      <Filter>Source Files\hle\Services\am</Filter>
    </ClCompile>
    <ClCompile Include="hle\Services\am\ILibraryAppletCreator.cpp">
      <Filter>Source Files\hle\Services\am</Filter>
    </ClCompile>
    <ClCompile Include="hle\Services\am\ICommonStateGetter.cpp">
      <Filter>Source Files\hle\Services\am</Filter>
    </ClCompile>
    <ClCompile Include="hle\Services\am\ISelfController.cpp">
      <Filter>Source Files\hle\Services\am</Filter>
    </ClCompile>
    <ClCompile Include="hle\Services\am\IWindowController.cpp">
      <Filter>Source Files\hle\Services\am</Filter>
    </ClCompile>
    <ClCompile Include="hle\Services\am\IAudioController.cpp">
      <Filter>Source Files\hle\Services\am</Filter>
    </ClCompile>
    <ClCompile Include="hle\Services\am\IDisplayController.cpp">
      <Filter>Source Files\hle\Services\am</Filter>
    </ClCompile>
    <ClCompile Include="hle\Services\am\IDebugFunctions.cpp">
      <Filter>Source Files\hle\Services\am</Filter>
    </ClCompile>
    <ClCompile Include="hle\Kernel\KEvent.cpp">
      <Filter>Source Files\hle\Kernel</Filter>
    </ClCompile>
    <ClCompile Include="hle\Services\ns\IAddOnContentManager.cpp">
      <Filter>Source Files\hle\Services\ns</Filter>
    </ClCompile>
    <ClCompile Include="hle\Services\pctl\IParentalControlServiceFactory.cpp">
      <Filter>Source Files\hle\Services\pctl</Filter>
    </ClCompile>
    <ClCompile Include="hle\Services\pctl\IParentalControlService.cpp">
      <Filter>Source Files\hle\Services\pctl</Filter>
    </ClCompile>
    <ClCompile Include="hle\Services\FspSrv\IFileSystemProxy.cpp">
      <Filter>Source Files\hle\Services\FspSrv</Filter>
    </ClCompile>
    <ClCompile Include="hle\Services\FspSrv\IStorage.cpp">
      <Filter>Source Files\hle\Services\FspSrv</Filter>
    </ClCompile>
    <ClCompile Include="hle\Services\acc\acc_u0.cpp">
      <Filter>Source Files\hle\Services\acc</Filter>
    </ClCompile>
    <ClCompile Include="hle\Services\am\IAMStorage.cpp">
      <Filter>Source Files\hle\Services\am</Filter>
    </ClCompile>
    <ClCompile Include="hle\Services\am\IStorageAccessor.cpp">
      <Filter>Source Files\hle\Services\am</Filter>
    </ClCompile>
    <ClCompile Include="Machine\Interpreter\InterpreterCPU.cpp">
      <Filter>Source Files\Machine\Interpreter</Filter>
    </ClCompile>
    <ClCompile Include="hle\Services\acc\IManagerForApplication.cpp">
      <Filter>Source Files\hle\Services\acc</Filter>
    </ClCompile>
    <ClCompile Include="hle\Services\FspSrv\IFileSystem.cpp">
      <Filter>Source Files\hle\Services\FspSrv</Filter>
    </ClCompile>
    <ClCompile Include="Machine\SystemTiming.cpp">
      <Filter>Source Files\Machine</Filter>
    </ClCompile>
    <ClCompile Include="hle\Kernel\Mutex.cpp">
      <Filter>Source Files\hle\Kernel</Filter>
    </ClCompile>
    <ClCompile Include="hle\Services\ssl\SSLservices.cpp">
      <Filter>Source Files\hle\Services\ssl</Filter>
    </ClCompile>
    <ClCompile Include="hle\Services\set\set.cpp">
      <Filter>Source Files\hle\Services\set</Filter>
    </ClCompile>
    <ClCompile Include="hle\Memory\TransferMemory.cpp">
      <Filter>Source Files\hle\Memory</Filter>
    </ClCompile>
    <ClCompile Include="hle\Services\nv\INvDrvServices.cpp">
      <Filter>Source Files\hle\Services\nv</Filter>
    </ClCompile>
    <ClCompile Include="hle\Services\vi\IManagerRootService.cpp">
      <Filter>Source Files\hle\Services\vi</Filter>
    </ClCompile>
    <ClCompile Include="hle\Services\vi\ISystemRootService.cpp">
      <Filter>Source Files\hle\Services\vi</Filter>
    </ClCompile>
    <ClCompile Include="hle\Services\vi\IApplicationRootService.cpp">
      <Filter>Source Files\hle\Services\vi</Filter>
    </ClCompile>
    <ClCompile Include="hle\Services\vi\IApplicationDisplayService.cpp">
      <Filter>Source Files\hle\Services\vi</Filter>
    </ClCompile>
    <ClCompile Include="hle\Services\vi\IManagerDisplayService.cpp">
      <Filter>Source Files\hle\Services\vi</Filter>
    </ClCompile>
    <ClCompile Include="hle\Services\vi\ISystemDisplayService.cpp">
      <Filter>Source Files\hle\Services\vi</Filter>
    </ClCompile>
    <ClCompile Include="hle\Services\vi\IHOSBinderDriver.cpp">
      <Filter>Source Files\hle\Services\vi</Filter>
    </ClCompile>
    <ClCompile Include="hle\Display\Display.cpp">
      <Filter>Source Files\hle\Display</Filter>
    </ClCompile>
    <ClCompile Include="hle\Display\DisplayDevice.cpp">
      <Filter>Source Files\hle\Display</Filter>
    </ClCompile>
    <ClCompile Include="hle\Display\Nvidia\BufferQueue.cpp">
      <Filter>Source Files\hle\Display\Nvidia</Filter>
    </ClCompile>
  </ItemGroup>
  <ItemGroup>
    <None Include="Version.h.in">
      <Filter>Header Files</Filter>
    </None>
  </ItemGroup>
</Project>