<?xml version="1.0" encoding="utf-8"?>
<Project ToolsVersion="4.0" xmlns="http://schemas.microsoft.com/developer/msbuild/2003">
  <ItemGroup>
    <Filter Include="Source Files">
      <UniqueIdentifier>{4FC737F1-C7A5-4376-A066-2A32D752A2FF}</UniqueIdentifier>
      <Extensions>cpp;c;cc;cxx;def;odl;idl;hpj;bat;asm;asmx</Extensions>
    </Filter>
    <Filter Include="Header Files">
      <UniqueIdentifier>{93995380-89BD-4b04-88EB-625FBE52EBFB}</UniqueIdentifier>
      <Extensions>h;hh;hpp;hxx;hm;inl;inc;xsd</Extensions>
    </Filter>
    <Filter Include="Resource Files">
      <UniqueIdentifier>{67DA6AB6-F800-4c08-8B7A-83BB121AAD01}</UniqueIdentifier>
      <Extensions>rc;ico;cur;bmp;dlg;rc2;rct;bin;rgs;gif;jpg;jpeg;jpe;resx;tiff;tif;png;wav;mfcribbon-ms</Extensions>
    </Filter>
    <Filter Include="Header Files\Settings">
      <UniqueIdentifier>{2398d593-4fe0-4c06-9747-96bad5e16c6a}</UniqueIdentifier>
    </Filter>
    <Filter Include="Header Files\Settings\SettingType">
      <UniqueIdentifier>{d937c11b-3558-408c-bfce-80ef74abad86}</UniqueIdentifier>
    </Filter>
    <Filter Include="Source Files\Settings">
      <UniqueIdentifier>{aa1602de-2518-4e67-b49b-876eb2cfeb0e}</UniqueIdentifier>
    </Filter>
    <Filter Include="Source Files\Settings\SettingType">
      <UniqueIdentifier>{ea433908-248d-42bd-be8c-c0c72f21c8a4}</UniqueIdentifier>
    </Filter>
    <Filter Include="Header Files\Language">
      <UniqueIdentifier>{ee6b69ee-01f0-4c0c-8622-aad5075d39db}</UniqueIdentifier>
    </Filter>
    <Filter Include="Source Files\Language">
      <UniqueIdentifier>{87a3cb0b-94b8-43e0-8895-80950233b2f9}</UniqueIdentifier>
    </Filter>
    <Filter Include="Source Files\Machine">
      <UniqueIdentifier>{95e00816-1d33-4b20-b285-781703694838}</UniqueIdentifier>
    </Filter>
    <Filter Include="Header Files\Machine">
      <UniqueIdentifier>{75895140-141e-4a08-8431-71c1390bcf35}</UniqueIdentifier>
    </Filter>
    <Filter Include="Header Files\hle">
      <UniqueIdentifier>{0cc5dcb6-76a3-459e-bf25-79ecfd0da650}</UniqueIdentifier>
    </Filter>
    <Filter Include="Source Files\hle">
      <UniqueIdentifier>{fdac1380-5349-4909-8343-36830714e6d7}</UniqueIdentifier>
    </Filter>
    <Filter Include="Source Files\Machine\CPU">
      <UniqueIdentifier>{96540092-51ae-4862-8390-1a04a5f354ed}</UniqueIdentifier>
    </Filter>
    <Filter Include="Header Files\Machine\CPU">
      <UniqueIdentifier>{cec7a91a-8bf2-40da-b646-02d2ccf9b4ec}</UniqueIdentifier>
    </Filter>
    <Filter Include="Header Files\FileFormat">
      <UniqueIdentifier>{d996f889-be39-47f2-b9fc-70900f3bcea7}</UniqueIdentifier>
    </Filter>
    <Filter Include="Source Files\FileFormat">
      <UniqueIdentifier>{71927cf8-11d1-4a84-a64c-d43f6cfa3470}</UniqueIdentifier>
    </Filter>
    <Filter Include="Source Files\FileSystem">
      <UniqueIdentifier>{6b36500a-fd4d-4e57-850c-a8c20c2764d5}</UniqueIdentifier>
    </Filter>
    <Filter Include="Header Files\FileSystem">
      <UniqueIdentifier>{68c37e4c-fb9c-4498-8e00-a61757978cbb}</UniqueIdentifier>
    </Filter>
    <Filter Include="Header Files\Util">
      <UniqueIdentifier>{c3ae7f3d-9803-4a84-a804-9db321562297}</UniqueIdentifier>
    </Filter>
    <Filter Include="Source Files\Util">
      <UniqueIdentifier>{a7fbfff3-9102-40f4-80c5-c01a051f11a8}</UniqueIdentifier>
    </Filter>
  </ItemGroup>
  <ItemGroup>
    <ClInclude Include="Version.h">
      <Filter>Header Files</Filter>
    </ClInclude>
    <ClInclude Include="AppInit.h">
      <Filter>Header Files</Filter>
    </ClInclude>
    <ClInclude Include="SystemGlobals.h">
      <Filter>Header Files</Filter>
    </ClInclude>
    <ClInclude Include="TraceModules.h">
      <Filter>Header Files</Filter>
    </ClInclude>
    <ClInclude Include="Trace.h">
      <Filter>Header Files</Filter>
    </ClInclude>
    <ClInclude Include="Notification.h">
      <Filter>Header Files</Filter>
    </ClInclude>
    <ClInclude Include="Settings\Settings.h">
      <Filter>Header Files</Filter>
    </ClInclude>
    <ClInclude Include="Settings\SettingsID.h">
      <Filter>Header Files\Settings</Filter>
    </ClInclude>
    <ClInclude Include="Settings\SettingType\SettingsType-Base.h">
      <Filter>Header Files\Settings\SettingType</Filter>
    </ClInclude>
    <ClInclude Include="Settings\SettingType\SettingsType-TempString.h">
      <Filter>Header Files\Settings\SettingType</Filter>
    </ClInclude>
    <ClInclude Include="Language\Language.h">
      <Filter>Header Files\Language</Filter>
    </ClInclude>
    <ClInclude Include="Language\LanguageStringID.h">
      <Filter>Header Files\Language</Filter>
    </ClInclude>
    <ClInclude Include="Settings\SettingType\SettingsType-Application.h">
      <Filter>Header Files\Settings\SettingType</Filter>
    </ClInclude>
    <ClInclude Include="Settings\SettingType\SettingsType-ApplicationIndex.h">
      <Filter>Header Files\Settings\SettingType</Filter>
    </ClInclude>
    <ClInclude Include="Settings\SettingType\SettingsType-ApplicationPath.h">
      <Filter>Header Files\Settings\SettingType</Filter>
    </ClInclude>
    <ClInclude Include="Settings\SettingType\SettingsType-RelativePath.h">
      <Filter>Header Files\Settings\SettingType</Filter>
    </ClInclude>
    <ClInclude Include="Machine\SwitchRom.h">
      <Filter>Header Files\Machine</Filter>
    </ClInclude>
    <ClInclude Include="Machine\SwitchSystem.h">
      <Filter>Header Files\Machine</Filter>
    </ClInclude>
    <ClInclude Include="Machine\PageTable.h">
      <Filter>Header Files\Machine</Filter>
    </ClInclude>
    <ClInclude Include="hle\ProcessMemory.h">
      <Filter>Header Files\hle</Filter>
    </ClInclude>
    <ClInclude Include="hle\HleKernel.h">
      <Filter>Header Files\hle</Filter>
    </ClInclude>
    <ClInclude Include="hle\SystemThread.h">
      <Filter>Header Files\hle</Filter>
    </ClInclude>
    <ClInclude Include="Machine\CPU\CPUExecutor.h">
      <Filter>Header Files\Machine\CPU</Filter>
    </ClInclude>
    <ClInclude Include="Machine\Registers.h">
      <Filter>Header Files\Machine</Filter>
    </ClInclude>
    <ClInclude Include="Machine\Arm64Opcode.h">
      <Filter>Header Files\Machine</Filter>
    </ClInclude>
    <ClInclude Include="FileFormat\formats.h">
      <Filter>Header Files\FileFormat</Filter>
    </ClInclude>
    <ClInclude Include="FileFormat\xci.h">
      <Filter>Header Files\FileFormat</Filter>
    </ClInclude>
    <ClInclude Include="Machine\SwitchKeys.h">
      <Filter>Header Files\Machine</Filter>
    </ClInclude>
    <ClInclude Include="Settings\SettingType\SettingsType-SelectedDirectory.h">
      <Filter>Header Files\Settings\SettingType</Filter>
    </ClInclude>
    <ClInclude Include="FileSystem\PartitionFilesystem.h">
      <Filter>Header Files\FileSystem</Filter>
    </ClInclude>
    <ClInclude Include="FileSystem\EncryptedFile.h">
      <Filter>Header Files\FileSystem</Filter>
    </ClInclude>
    <ClInclude Include="Util\AESCipher.h">
      <Filter>Header Files\Util</Filter>
    </ClInclude>
    <ClInclude Include="FileFormat\nsp.h">
      <Filter>Header Files\FileFormat</Filter>
    </ClInclude>
    <ClInclude Include="FileFormat\nca.h">
      <Filter>Header Files\FileFormat</Filter>
    </ClInclude>
    <ClInclude Include="FileFormat\cnmt.h">
      <Filter>Header Files\FileFormat</Filter>
    </ClInclude>
    <ClInclude Include="FileFormat\ProgramMetadata.h">
      <Filter>Header Files\FileFormat</Filter>
    </ClInclude>
    <ClInclude Include="FileFormat\nacp.h">
      <Filter>Header Files\FileFormat</Filter>
    </ClInclude>
    <ClInclude Include="FileFormat\romfs.h">
      <Filter>Header Files\FileFormat</Filter>
    </ClInclude>
  </ItemGroup>
  <ItemGroup>
    <ClCompile Include="AppInit.cpp">
      <Filter>Source Files</Filter>
    </ClCompile>
    <ClCompile Include="SystemGlobals.cpp">
      <Filter>Source Files</Filter>
    </ClCompile>
    <ClCompile Include="Settings\Settings.cpp">
      <Filter>Source Files</Filter>
    </ClCompile>
    <ClCompile Include="Settings\SettingType\SettingsType-TempString.cpp">
      <Filter>Source Files\Settings\SettingType</Filter>
    </ClCompile>
    <ClCompile Include="Language\Language.cpp">
      <Filter>Source Files\Language</Filter>
    </ClCompile>
    <ClCompile Include="Settings\SettingType\SettingsType-Application.cpp">
      <Filter>Source Files\Settings\SettingType</Filter>
    </ClCompile>
    <ClCompile Include="Settings\SettingType\SettingsType-ApplicationIndex.cpp">
      <Filter>Source Files\Settings\SettingType</Filter>
    </ClCompile>
    <ClCompile Include="Settings\SettingType\SettingsType-ApplicationPath.cpp">
      <Filter>Source Files\Settings\SettingType</Filter>
    </ClCompile>
    <ClCompile Include="Settings\SettingType\SettingsType-RelativePath.cpp">
      <Filter>Source Files\Settings\SettingType</Filter>
    </ClCompile>
    <ClCompile Include="Machine\SwitchRom.cpp">
      <Filter>Source Files\Machine</Filter>
    </ClCompile>
    <ClCompile Include="Machine\nso.cpp">
      <Filter>Source Files\Machine</Filter>
    </ClCompile>
    <ClCompile Include="Machine\SwitchSystem.cpp">
      <Filter>Source Files\Machine</Filter>
    </ClCompile>
    <ClCompile Include="Machine\PageTable.cpp">
      <Filter>Source Files\Machine</Filter>
    </ClCompile>
    <ClCompile Include="hle\ProcessMemory.cpp">
      <Filter>Source Files\hle</Filter>
    </ClCompile>
    <ClCompile Include="hle\HleKernel.cpp">
      <Filter>Source Files\hle</Filter>
    </ClCompile>
    <ClCompile Include="hle\SystemThread.cpp">
      <Filter>Source Files\hle</Filter>
    </ClCompile>
    <ClCompile Include="Machine\CPU\CPUExecutor.cpp">
      <Filter>Source Files\Machine\CPU</Filter>
    </ClCompile>
    <ClCompile Include="Machine\Registers.cpp">
      <Filter>Source Files\Machine</Filter>
    </ClCompile>
    <ClCompile Include="FileFormat\formats.cpp">
      <Filter>Source Files\FileFormat</Filter>
    </ClCompile>
    <ClCompile Include="FileFormat\xci.cpp">
      <Filter>Source Files\FileFormat</Filter>
    </ClCompile>
    <ClCompile Include="Machine\SwitchKeys.cpp">
      <Filter>Source Files\Machine</Filter>
    </ClCompile>
    <ClCompile Include="LaunchRunFile.cpp">
      <Filter>Source Files</Filter>
    </ClCompile>
    <ClCompile Include="Settings\SettingType\SettingsType-SelectedDirectory.cpp">
      <Filter>Source Files\Settings\SettingType</Filter>
    </ClCompile>
    <ClCompile Include="FileSystem\PartitionFilesystem.cpp">
      <Filter>Source Files\FileSystem</Filter>
    </ClCompile>
    <ClCompile Include="FileSystem\EncryptedFile.cpp">
      <Filter>Source Files\FileSystem</Filter>
    </ClCompile>
    <ClCompile Include="Util\AESCipher.cpp">
      <Filter>Source Files\Util</Filter>
    </ClCompile>
    <ClCompile Include="FileFormat\nsp.cpp">
      <Filter>Source Files\FileFormat</Filter>
    </ClCompile>
    <ClCompile Include="FileFormat\nca.cpp">
      <Filter>Source Files\FileFormat</Filter>
    </ClCompile>
    <ClCompile Include="FileFormat\cnmt.cpp">
      <Filter>Source Files\FileFormat</Filter>
    </ClCompile>
    <ClCompile Include="FileFormat\ProgramMetadata.cpp">
      <Filter>Source Files\FileFormat</Filter>
    </ClCompile>
    <ClCompile Include="FileFormat\nacp.cpp">
      <Filter>Source Files\FileFormat</Filter>
    </ClCompile>
    <ClCompile Include="FileFormat\romfs.cpp">
      <Filter>Source Files\FileFormat</Filter>
    </ClCompile>
  </ItemGroup>
  <ItemGroup>
    <None Include="Version.h.in">
      <Filter>Header Files</Filter>
    </None>
  </ItemGroup>
</Project>