<?xml version="1.0" encoding="utf-8"?>
<Project ToolsVersion="4.0" xmlns="http://schemas.microsoft.com/developer/msbuild/2003">
  <ItemGroup>
    <Filter Include="Source Files">
      <UniqueIdentifier>{4FC737F1-C7A5-4376-A066-2A32D752A2FF}</UniqueIdentifier>
      <Extensions>cpp;c;cc;cxx;c++;cppm;ixx;def;odl;idl;hpj;bat;asm;asmx</Extensions>
    </Filter>
    <Filter Include="Header Files">
      <UniqueIdentifier>{93995380-89BD-4b04-88EB-625FBE52EBFB}</UniqueIdentifier>
      <Extensions>h;hh;hpp;hxx;h++;hm;inl;inc;ipp;xsd</Extensions>
    </Filter>
    <Filter Include="Resource Files">
      <UniqueIdentifier>{67DA6AB6-F800-4c08-8B7A-83BB121AAD01}</UniqueIdentifier>
      <Extensions>rc;ico;cur;bmp;dlg;rc2;rct;bin;rgs;gif;jpg;jpeg;jpe;resx;tiff;tif;png;wav;mfcribbon-ms</Extensions>
    </Filter>
    <Filter Include="Header Files\Renderer">
      <UniqueIdentifier>{57e75417-7fd2-4986-aedc-e46f5f5c429f}</UniqueIdentifier>
    </Filter>
    <Filter Include="Header Files\Renderer\OpenGL">
      <UniqueIdentifier>{9d91ec41-7b3a-48f0-93b0-49a5de7dc7eb}</UniqueIdentifier>
    </Filter>
    <Filter Include="Source Files\Renderer">
      <UniqueIdentifier>{2d14db60-916d-4ae7-bbf3-86e027ee548a}</UniqueIdentifier>
    </Filter>
    <Filter Include="Source Files\Renderer\OpenGL">
      <UniqueIdentifier>{66e04de3-9c9f-491d-a8f6-1520e748b211}</UniqueIdentifier>
    </Filter>
    <Filter Include="Header Files\Task">
      <UniqueIdentifier>{8700a849-3052-4a79-a26d-17f0110ba2c6}</UniqueIdentifier>
    </Filter>
    <Filter Include="Source Files\Task">
      <UniqueIdentifier>{0e1a628b-54fd-4855-b015-4e1a7d2f6de6}</UniqueIdentifier>
    </Filter>
    <Filter Include="Header Files\Engine">
      <UniqueIdentifier>{e5f4f32b-f4e5-4dbc-826a-c5d9a182a4b9}</UniqueIdentifier>
    </Filter>
    <Filter Include="Source Files\Engine">
      <UniqueIdentifier>{a2ba48cb-d373-4e2e-9c28-63a19d7a07fb}</UniqueIdentifier>
    </Filter>
    <Filter Include="Header Files\Util">
      <UniqueIdentifier>{1d532a4d-d559-40e9-a4e1-0b01892746aa}</UniqueIdentifier>
    </Filter>
    <Filter Include="Source Files\Util">
      <UniqueIdentifier>{c8e8534e-05bf-4b9f-9259-360d7137e907}</UniqueIdentifier>
    </Filter>
    <Filter Include="Header Files\Macro">
      <UniqueIdentifier>{2a41c8ea-0e32-4934-b530-937078807036}</UniqueIdentifier>
    </Filter>
    <Filter Include="Source Files\Macro">
      <UniqueIdentifier>{42bc6a76-9a1f-4f07-84f5-9c4699d10401}</UniqueIdentifier>
    </Filter>
  </ItemGroup>
  <ItemGroup>
    <ClCompile Include="NXEmu-video.cpp">
      <Filter>Source Files</Filter>
    </ClCompile>
    <ClCompile Include="Video.cpp">
      <Filter>Source Files</Filter>
    </ClCompile>
    <ClCompile Include="VideoMemoryManager.cpp">
      <Filter>Source Files</Filter>
    </ClCompile>
    <ClCompile Include="GpuThread.cpp">
      <Filter>Source Files</Filter>
    </ClCompile>
    <ClCompile Include="Task\CommandList.cpp">
      <Filter>Source Files\Task</Filter>
    </ClCompile>
    <ClCompile Include="Engine\Maxwell3D.cpp">
      <Filter>Source Files\Engine</Filter>
    </ClCompile>
    <ClCompile Include="Util\StateTracker.cpp">
      <Filter>Source Files\Util</Filter>
    </ClCompile>
    <ClCompile Include="Macro\MacroEngine.cpp">
      <Filter>Source Files\Macro</Filter>
    </ClCompile>
    <ClCompile Include="Macro\MacroInterpreter.cpp">
      <Filter>Source Files\Macro</Filter>
    </ClCompile>
    <ClCompile Include="Engine\Fermi2D.cpp">
      <Filter>Source Files\Engine</Filter>
    </ClCompile>
    <ClCompile Include="Renderer\OpenGL\OpenGLRenderer.cpp">
      <Filter>Source Files\Renderer\OpenGL</Filter>
    </ClCompile>
    <ClCompile Include="EmulatorWindow.cpp">
      <Filter>Source Files</Filter>
    </ClCompile>
    <ClCompile Include="Renderer\OpenGL\OpenGLWindow.cpp">
      <Filter>Source Files\Renderer\OpenGL</Filter>
    </ClCompile>
    <ClCompile Include="Engine\UploadState.cpp">
      <Filter>Source Files\Engine</Filter>
    </ClCompile>
    <ClCompile Include="Engine\KeplerCompute.cpp">
      <Filter>Source Files\Engine</Filter>
    </ClCompile>
  </ItemGroup>
  <ItemGroup>
    <ClInclude Include="Video.h">
      <Filter>Header Files</Filter>
    </ClInclude>
    <ClInclude Include="VideoMemoryManager.h">
      <Filter>Header Files</Filter>
    </ClInclude>
    <ClInclude Include="Renderer\Renderer.h">
      <Filter>Header Files\Renderer</Filter>
    </ClInclude>
    <ClInclude Include="Task\GpuTask.h">
      <Filter>Header Files\Task</Filter>
    </ClInclude>
    <ClInclude Include="Task\CommandList.h">
      <Filter>Header Files\Task</Filter>
    </ClInclude>
    <ClInclude Include="Engine\Maxwell3D.h">
      <Filter>Header Files\Engine</Filter>
    </ClInclude>
    <ClInclude Include="Util\StateTracker.h">
      <Filter>Header Files\Util</Filter>
    </ClInclude>
    <ClInclude Include="Macro\MacroEngine.h">
      <Filter>Header Files\Macro</Filter>
    </ClInclude>
    <ClInclude Include="Macro\MacroInterpreter.h">
      <Filter>Header Files\Macro</Filter>
    </ClInclude>
    <ClInclude Include="Engine\Fermi2D.h">
      <Filter>Header Files\Engine</Filter>
    </ClInclude>
    <ClInclude Include="Renderer\OpenGL\OpenGLRenderer.h">
      <Filter>Header Files\Renderer\OpenGL</Filter>
    </ClInclude>
    <ClInclude Include="EmulatorWindow.h">
      <Filter>Header Files</Filter>
    </ClInclude>
    <ClInclude Include="Renderer\OpenGL\OpenGLWindow.h">
      <Filter>Header Files\Renderer\OpenGL</Filter>
    </ClInclude>
    <ClInclude Include="Engine\UploadState.h">
      <Filter>Header Files\Engine</Filter>
    </ClInclude>
    <ClInclude Include="Engine\KeplerCompute.h">
      <Filter>Header Files\Engine</Filter>
    </ClInclude>
  </ItemGroup>
</Project>