<?xml version="1.0" encoding="utf-8"?>
<Project ToolsVersion="4.0" xmlns="http://schemas.microsoft.com/developer/msbuild/2003">
  <ItemGroup>
    <Filter Include="Source Files">
      <UniqueIdentifier>{4FC737F1-C7A5-4376-A066-2A32D752A2FF}</UniqueIdentifier>
      <Extensions>cpp;c;cc;cxx;def;odl;idl;hpj;bat;asm;asmx</Extensions>
    </Filter>
    <Filter Include="Header Files">
      <UniqueIdentifier>{93995380-89BD-4b04-88EB-625FBE52EBFB}</UniqueIdentifier>
      <Extensions>h;hh;hpp;hxx;hm;inl;inc;xsd</Extensions>
    </Filter>
    <Filter Include="Resource Files">
      <UniqueIdentifier>{67DA6AB6-F800-4c08-8B7A-83BB121AAD01}</UniqueIdentifier>
      <Extensions>rc;ico;cur;bmp;dlg;rc2;rct;bin;rgs;gif;jpg;jpeg;jpe;resx;tiff;tif;png;wav;mfcribbon-ms</Extensions>
    </Filter>
    <Filter Include="Source Files\UserInterface">
      <UniqueIdentifier>{5dd8553f-257b-4942-bacc-c34f806ccb11}</UniqueIdentifier>
    </Filter>
    <Filter Include="Header Files\UserInterface">
      <UniqueIdentifier>{48b66fcb-0c54-4e9d-9098-ee01317b9352}</UniqueIdentifier>
    </Filter>
    <Filter Include="Source Files\Settings">
      <UniqueIdentifier>{df74373c-bab8-43c7-be22-fb1ee5ff22a6}</UniqueIdentifier>
    </Filter>
    <Filter Include="Header Files\Settings">
      <UniqueIdentifier>{22a71407-8e83-40ca-861b-20dc05351498}</UniqueIdentifier>
    </Filter>
    <Filter Include="Source Files\UserInterface\Debugger">
      <UniqueIdentifier>{656c657a-7412-4e43-8f40-52836c3573b9}</UniqueIdentifier>
    </Filter>
    <Filter Include="Header Files\UserInterface\Debugger">
      <UniqueIdentifier>{c68e515b-6d0b-42c5-8318-8b4dee79a67a}</UniqueIdentifier>
    </Filter>
  </ItemGroup>
  <ItemGroup>
    <ClCompile Include="main.cpp">
      <Filter>Source Files</Filter>
    </ClCompile>
    <ClCompile Include="UserInterface\MainWindow.cpp">
      <Filter>Source Files\UserInterface</Filter>
    </ClCompile>
    <ClCompile Include="UserInterface\MainMenu.cpp">
      <Filter>Source Files\UserInterface</Filter>
    </ClCompile>
    <ClCompile Include="UserInterface\Notification.cpp">
      <Filter>Source Files\UserInterface</Filter>
    </ClCompile>
    <ClCompile Include="UserInterface\MenuItem.cpp">
      <Filter>Source Files\UserInterface</Filter>
    </ClCompile>
    <ClCompile Include="Settings\UISettings.cpp">
      <Filter>Source Files\Settings</Filter>
    </ClCompile>
    <ClCompile Include="UserInterface\Debugger\Debugger-Logging.cpp">
      <Filter>Source Files\UserInterface\Debugger</Filter>
    </ClCompile>
  </ItemGroup>
  <ItemGroup>
    <ClInclude Include="UserInterface\Notification.h">
      <Filter>Header Files\UserInterface</Filter>
    </ClInclude>
    <ClInclude Include="UserInterface\MainWindow.h">
      <Filter>Header Files\UserInterface</Filter>
    </ClInclude>
    <ClInclude Include="UserInterface\MenuItem.h">
      <Filter>Header Files\UserInterface</Filter>
    </ClInclude>
    <ClInclude Include="UserInterface\WTLApp.h">
      <Filter>Header Files\UserInterface</Filter>
    </ClInclude>
    <ClInclude Include="resource.h">
      <Filter>Header Files</Filter>
    </ClInclude>
    <ClInclude Include="..\nxemu-core\Version.h">
      <Filter>Header Files</Filter>
    </ClInclude>
    <ClInclude Include="UserInterface\MainMenu.h">
      <Filter>Header Files</Filter>
    </ClInclude>
    <ClInclude Include="Settings\UISettings.h">
      <Filter>Header Files\Settings</Filter>
    </ClInclude>
    <ClInclude Include="UserInterface\Debugger\Debugger.h">
      <Filter>Header Files\UserInterface\Debugger</Filter>
    </ClInclude>
  </ItemGroup>
  <ItemGroup>
    <ResourceCompile Include="Resource.rc">
      <Filter>Resource Files</Filter>
    </ResourceCompile>
  </ItemGroup>
  <ItemGroup>
    <None Include="..\nxemu-core\Version.h.in">
      <Filter>Header Files</Filter>
    </None>
  </ItemGroup>
</Project>